// !$*UTF8*$!
{
	archiveVersion = 1;
	classes = {
	};
	objectVersion = 50;
	objects = {

/* Begin PBXBuildFile section */
		2857501C24C21EB400ED22AD /* Tests_iOS.swift in Sources */ = {isa = PBXBuildFile; fileRef = 2857501B24C21EB400ED22AD /* Tests_iOS.swift */; };
		2857502724C21EB400ED22AD /* Tests_macOS.swift in Sources */ = {isa = PBXBuildFile; fileRef = 2857502624C21EB400ED22AD /* Tests_macOS.swift */; };
		2857502924C21EB400ED22AD /* ExampleApp.swift in Sources */ = {isa = PBXBuildFile; fileRef = 2857500024C21EB200ED22AD /* ExampleApp.swift */; };
		2857502A24C21EB400ED22AD /* ExampleApp.swift in Sources */ = {isa = PBXBuildFile; fileRef = 2857500024C21EB200ED22AD /* ExampleApp.swift */; };
		2857502B24C21EB400ED22AD /* ContentView.swift in Sources */ = {isa = PBXBuildFile; fileRef = 2857500124C21EB200ED22AD /* ContentView.swift */; };
		2857502C24C21EB400ED22AD /* ContentView.swift in Sources */ = {isa = PBXBuildFile; fileRef = 2857500124C21EB200ED22AD /* ContentView.swift */; };
		2857502D24C21EB400ED22AD /* Assets.xcassets in Resources */ = {isa = PBXBuildFile; fileRef = 2857500224C21EB400ED22AD /* Assets.xcassets */; };
		2857502E24C21EB400ED22AD /* Assets.xcassets in Resources */ = {isa = PBXBuildFile; fileRef = 2857500224C21EB400ED22AD /* Assets.xcassets */; };
		AB28D6D9269F58C500679D5E /* URLImageView.swift in Sources */ = {isa = PBXBuildFile; fileRef = AB28D6D8269F58C500679D5E /* URLImageView.swift */; };
		AB28D6DB269F58D600679D5E /* URLImageModel.swift in Sources */ = {isa = PBXBuildFile; fileRef = AB28D6DA269F58D600679D5E /* URLImageModel.swift */; };
		AB28D6DD269F58E300679D5E /* ImageCache.swift in Sources */ = {isa = PBXBuildFile; fileRef = AB28D6DC269F58E300679D5E /* ImageCache.swift */; };
		AB89C56F26961A0B002E7B28 /* YoutubeView.swift in Sources */ = {isa = PBXBuildFile; fileRef = AB89C56E26961A0B002E7B28 /* YoutubeView.swift */; };
		AB89C57626961A3E002E7B28 /* InstagramView.swift in Sources */ = {isa = PBXBuildFile; fileRef = AB89C57526961A3E002E7B28 /* InstagramView.swift */; };
		AB89C57B26961DC8002E7B28 /* PostDetail.swift in Sources */ = {isa = PBXBuildFile; fileRef = AB89C57A26961DC8002E7B28 /* PostDetail.swift */; };
		AB89C58126961E8E002E7B28 /* TwitterNavBarItem.swift in Sources */ = {isa = PBXBuildFile; fileRef = AB89C58026961E8E002E7B28 /* TwitterNavBarItem.swift */; };
		AB89C58926961E9E002E7B28 /* TwitterView.swift in Sources */ = {isa = PBXBuildFile; fileRef = AB89C58826961E9E002E7B28 /* TwitterView.swift */; };
		AB9F87D326826AD100CCBFC3 /* postsData.json in Resources */ = {isa = PBXBuildFile; fileRef = AB9F87D226826AD100CCBFC3 /* postsData.json */; };
		AB9F87DF26826C2000CCBFC3 /* ModelData.swift in Sources */ = {isa = PBXBuildFile; fileRef = AB9F87DE26826C2000CCBFC3 /* ModelData.swift */; };
		AB9F87E726826C4D00CCBFC3 /* Post.swift in Sources */ = {isa = PBXBuildFile; fileRef = AB9F87E626826C4D00CCBFC3 /* Post.swift */; };
		AB9F87EC26826CB500CCBFC3 /* User.swift in Sources */ = {isa = PBXBuildFile; fileRef = AB9F87EB26826CB500CCBFC3 /* User.swift */; };
		AB9F87F326826DB000CCBFC3 /* PostsList.swift in Sources */ = {isa = PBXBuildFile; fileRef = AB9F87F226826DB000CCBFC3 /* PostsList.swift */; };
		AB9F87F826826E4C00CCBFC3 /* PostRow.swift in Sources */ = {isa = PBXBuildFile; fileRef = AB9F87F726826E4C00CCBFC3 /* PostRow.swift */; };
		AB9F8807268282FA00CCBFC3 /* YoutubeNavBarItem.swift in Sources */ = {isa = PBXBuildFile; fileRef = AB9F8806268282FA00CCBFC3 /* YoutubeNavBarItem.swift */; };
		AB9F880F2682837E00CCBFC3 /* InstagramNavBarItem.swift in Sources */ = {isa = PBXBuildFile; fileRef = AB9F880E2682837E00CCBFC3 /* InstagramNavBarItem.swift */; };
		E1F58C4424D0848100A3E642 /* PagerTabStrip.framework in Frameworks */ = {isa = PBXBuildFile; fileRef = E1F58C3D24D083C500A3E642 /* PagerTabStrip.framework */; };
		E1F58C4524D0848100A3E642 /* PagerTabStrip.framework in Embed Frameworks */ = {isa = PBXBuildFile; fileRef = E1F58C3D24D083C500A3E642 /* PagerTabStrip.framework */; settings = {ATTRIBUTES = (CodeSignOnCopy, RemoveHeadersOnCopy, ); }; };
/* End PBXBuildFile section */

/* Begin PBXContainerItemProxy section */
		2857501824C21EB400ED22AD /* PBXContainerItemProxy */ = {
			isa = PBXContainerItemProxy;
			containerPortal = 28574FFB24C21EB200ED22AD /* Project object */;
			proxyType = 1;
			remoteGlobalIDString = 2857500624C21EB400ED22AD;
			remoteInfo = "Example (iOS)";
		};
		2857502324C21EB400ED22AD /* PBXContainerItemProxy */ = {
			isa = PBXContainerItemProxy;
			containerPortal = 28574FFB24C21EB200ED22AD /* Project object */;
			proxyType = 1;
			remoteGlobalIDString = 2857500E24C21EB400ED22AD;
			remoteInfo = "Example (macOS)";
		};
		E1F58C3C24D083C500A3E642 /* PBXContainerItemProxy */ = {
			isa = PBXContainerItemProxy;
			containerPortal = E1F58C3724D083C500A3E642 /* PagerTabStrip.xcodeproj */;
			proxyType = 2;
			remoteGlobalIDString = 28F8287D1C494B2C00330CF4;
			remoteInfo = PagerTabStrip;
		};
		E1F58C3E24D083C500A3E642 /* PBXContainerItemProxy */ = {
			isa = PBXContainerItemProxy;
			containerPortal = E1F58C3724D083C500A3E642 /* PagerTabStrip.xcodeproj */;
			proxyType = 2;
			remoteGlobalIDString = 28F828871C494B2C00330CF4;
			remoteInfo = PagerTabStripTests;
		};
/* End PBXContainerItemProxy section */

/* Begin PBXCopyFilesBuildPhase section */
		E1F58C4624D0848100A3E642 /* Embed Frameworks */ = {
			isa = PBXCopyFilesBuildPhase;
			buildActionMask = 2147483647;
			dstPath = "";
			dstSubfolderSpec = 10;
			files = (
				E1F58C4524D0848100A3E642 /* PagerTabStrip.framework in Embed Frameworks */,
			);
			name = "Embed Frameworks";
			runOnlyForDeploymentPostprocessing = 0;
		};
/* End PBXCopyFilesBuildPhase section */

/* Begin PBXFileReference section */
		2857500024C21EB200ED22AD /* ExampleApp.swift */ = {isa = PBXFileReference; lastKnownFileType = sourcecode.swift; path = ExampleApp.swift; sourceTree = "<group>"; };
		2857500124C21EB200ED22AD /* ContentView.swift */ = {isa = PBXFileReference; lastKnownFileType = sourcecode.swift; path = ContentView.swift; sourceTree = "<group>"; };
		2857500224C21EB400ED22AD /* Assets.xcassets */ = {isa = PBXFileReference; lastKnownFileType = folder.assetcatalog; path = Assets.xcassets; sourceTree = "<group>"; };
		2857500724C21EB400ED22AD /* Example.app */ = {isa = PBXFileReference; explicitFileType = wrapper.application; includeInIndex = 0; path = Example.app; sourceTree = BUILT_PRODUCTS_DIR; };
		2857500A24C21EB400ED22AD /* Info.plist */ = {isa = PBXFileReference; lastKnownFileType = text.plist.xml; path = Info.plist; sourceTree = "<group>"; };
		2857500F24C21EB400ED22AD /* Example.app */ = {isa = PBXFileReference; explicitFileType = wrapper.application; includeInIndex = 0; path = Example.app; sourceTree = BUILT_PRODUCTS_DIR; };
		2857501124C21EB400ED22AD /* Info.plist */ = {isa = PBXFileReference; lastKnownFileType = text.plist.xml; path = Info.plist; sourceTree = "<group>"; };
		2857501224C21EB400ED22AD /* macOS.entitlements */ = {isa = PBXFileReference; lastKnownFileType = text.plist.entitlements; path = macOS.entitlements; sourceTree = "<group>"; };
		2857501724C21EB400ED22AD /* Tests iOS.xctest */ = {isa = PBXFileReference; explicitFileType = wrapper.cfbundle; includeInIndex = 0; path = "Tests iOS.xctest"; sourceTree = BUILT_PRODUCTS_DIR; };
		2857501B24C21EB400ED22AD /* Tests_iOS.swift */ = {isa = PBXFileReference; lastKnownFileType = sourcecode.swift; path = Tests_iOS.swift; sourceTree = "<group>"; };
		2857501D24C21EB400ED22AD /* Info.plist */ = {isa = PBXFileReference; lastKnownFileType = text.plist.xml; path = Info.plist; sourceTree = "<group>"; };
		2857502224C21EB400ED22AD /* Tests macOS.xctest */ = {isa = PBXFileReference; explicitFileType = wrapper.cfbundle; includeInIndex = 0; path = "Tests macOS.xctest"; sourceTree = BUILT_PRODUCTS_DIR; };
		2857502624C21EB400ED22AD /* Tests_macOS.swift */ = {isa = PBXFileReference; lastKnownFileType = sourcecode.swift; path = Tests_macOS.swift; sourceTree = "<group>"; };
		2857502824C21EB400ED22AD /* Info.plist */ = {isa = PBXFileReference; lastKnownFileType = text.plist.xml; path = Info.plist; sourceTree = "<group>"; };
		AB28D6D8269F58C500679D5E /* URLImageView.swift */ = {isa = PBXFileReference; lastKnownFileType = sourcecode.swift; path = URLImageView.swift; sourceTree = "<group>"; };
		AB28D6DA269F58D600679D5E /* URLImageModel.swift */ = {isa = PBXFileReference; lastKnownFileType = sourcecode.swift; path = URLImageModel.swift; sourceTree = "<group>"; };
		AB28D6DC269F58E300679D5E /* ImageCache.swift */ = {isa = PBXFileReference; lastKnownFileType = sourcecode.swift; path = ImageCache.swift; sourceTree = "<group>"; };
		AB89C56E26961A0B002E7B28 /* YoutubeView.swift */ = {isa = PBXFileReference; lastKnownFileType = sourcecode.swift; path = YoutubeView.swift; sourceTree = "<group>"; };
		AB89C57526961A3E002E7B28 /* InstagramView.swift */ = {isa = PBXFileReference; lastKnownFileType = sourcecode.swift; path = InstagramView.swift; sourceTree = "<group>"; };
		AB89C57A26961DC8002E7B28 /* PostDetail.swift */ = {isa = PBXFileReference; lastKnownFileType = sourcecode.swift; path = PostDetail.swift; sourceTree = "<group>"; };
		AB89C58026961E8E002E7B28 /* TwitterNavBarItem.swift */ = {isa = PBXFileReference; lastKnownFileType = sourcecode.swift; path = TwitterNavBarItem.swift; sourceTree = "<group>"; };
		AB89C58826961E9E002E7B28 /* TwitterView.swift */ = {isa = PBXFileReference; lastKnownFileType = sourcecode.swift; path = TwitterView.swift; sourceTree = "<group>"; };
		AB9F87D226826AD100CCBFC3 /* postsData.json */ = {isa = PBXFileReference; lastKnownFileType = text.json; path = postsData.json; sourceTree = "<group>"; };
		AB9F87DE26826C2000CCBFC3 /* ModelData.swift */ = {isa = PBXFileReference; lastKnownFileType = sourcecode.swift; path = ModelData.swift; sourceTree = "<group>"; };
		AB9F87E626826C4D00CCBFC3 /* Post.swift */ = {isa = PBXFileReference; lastKnownFileType = sourcecode.swift; path = Post.swift; sourceTree = "<group>"; };
		AB9F87EB26826CB500CCBFC3 /* User.swift */ = {isa = PBXFileReference; lastKnownFileType = sourcecode.swift; path = User.swift; sourceTree = "<group>"; };
		AB9F87F226826DB000CCBFC3 /* PostsList.swift */ = {isa = PBXFileReference; lastKnownFileType = sourcecode.swift; path = PostsList.swift; sourceTree = "<group>"; };
		AB9F87F726826E4C00CCBFC3 /* PostRow.swift */ = {isa = PBXFileReference; lastKnownFileType = sourcecode.swift; path = PostRow.swift; sourceTree = "<group>"; };
		AB9F8806268282FA00CCBFC3 /* YoutubeNavBarItem.swift */ = {isa = PBXFileReference; lastKnownFileType = sourcecode.swift; path = YoutubeNavBarItem.swift; sourceTree = "<group>"; };
		AB9F880E2682837E00CCBFC3 /* InstagramNavBarItem.swift */ = {isa = PBXFileReference; lastKnownFileType = sourcecode.swift; path = InstagramNavBarItem.swift; sourceTree = "<group>"; };
		E1F58C3724D083C500A3E642 /* PagerTabStrip.xcodeproj */ = {isa = PBXFileReference; lastKnownFileType = "wrapper.pb-project"; name = PagerTabStrip.xcodeproj; path = ../PagerTabStrip.xcodeproj; sourceTree = "<group>"; };
/* End PBXFileReference section */

/* Begin PBXFrameworksBuildPhase section */
		2857500424C21EB400ED22AD /* Frameworks */ = {
			isa = PBXFrameworksBuildPhase;
			buildActionMask = 2147483647;
			files = (
				E1F58C4424D0848100A3E642 /* PagerTabStrip.framework in Frameworks */,
			);
			runOnlyForDeploymentPostprocessing = 0;
		};
		2857500C24C21EB400ED22AD /* Frameworks */ = {
			isa = PBXFrameworksBuildPhase;
			buildActionMask = 2147483647;
			files = (
			);
			runOnlyForDeploymentPostprocessing = 0;
		};
		2857501424C21EB400ED22AD /* Frameworks */ = {
			isa = PBXFrameworksBuildPhase;
			buildActionMask = 2147483647;
			files = (
			);
			runOnlyForDeploymentPostprocessing = 0;
		};
		2857501F24C21EB400ED22AD /* Frameworks */ = {
			isa = PBXFrameworksBuildPhase;
			buildActionMask = 2147483647;
			files = (
			);
			runOnlyForDeploymentPostprocessing = 0;
		};
/* End PBXFrameworksBuildPhase section */

/* Begin PBXGroup section */
		28574FFA24C21EB200ED22AD = {
			isa = PBXGroup;
			children = (
				E1F58C3724D083C500A3E642 /* PagerTabStrip.xcodeproj */,
				28574FFF24C21EB200ED22AD /* Shared */,
				2857500924C21EB400ED22AD /* iOS */,
				2857501024C21EB400ED22AD /* macOS */,
				2857501A24C21EB400ED22AD /* Tests iOS */,
				2857502524C21EB400ED22AD /* Tests macOS */,
				2857500824C21EB400ED22AD /* Products */,
				E1F58C4124D0848100A3E642 /* Frameworks */,
			);
			sourceTree = "<group>";
		};
		28574FFF24C21EB200ED22AD /* Shared */ = {
			isa = PBXGroup;
			children = (
				AB28D6CE269F51AD00679D5E /* Helpers */,
				AB9F87F026826D9800CCBFC3 /* Views */,
				AB9F87DD26826C1100CCBFC3 /* Model */,
				AB9F87CF26826AA700CCBFC3 /* Resources */,
				2857500024C21EB200ED22AD /* ExampleApp.swift */,
				2857500124C21EB200ED22AD /* ContentView.swift */,
				2857500224C21EB400ED22AD /* Assets.xcassets */,
			);
			path = Shared;
			sourceTree = "<group>";
		};
		2857500824C21EB400ED22AD /* Products */ = {
			isa = PBXGroup;
			children = (
				2857500724C21EB400ED22AD /* Example.app */,
				2857500F24C21EB400ED22AD /* Example.app */,
				2857501724C21EB400ED22AD /* Tests iOS.xctest */,
				2857502224C21EB400ED22AD /* Tests macOS.xctest */,
			);
			name = Products;
			sourceTree = "<group>";
		};
		2857500924C21EB400ED22AD /* iOS */ = {
			isa = PBXGroup;
			children = (
				2857500A24C21EB400ED22AD /* Info.plist */,
			);
			path = iOS;
			sourceTree = "<group>";
		};
		2857501024C21EB400ED22AD /* macOS */ = {
			isa = PBXGroup;
			children = (
				2857501124C21EB400ED22AD /* Info.plist */,
				2857501224C21EB400ED22AD /* macOS.entitlements */,
			);
			path = macOS;
			sourceTree = "<group>";
		};
		2857501A24C21EB400ED22AD /* Tests iOS */ = {
			isa = PBXGroup;
			children = (
				2857501B24C21EB400ED22AD /* Tests_iOS.swift */,
				2857501D24C21EB400ED22AD /* Info.plist */,
			);
			path = "Tests iOS";
			sourceTree = "<group>";
		};
		2857502524C21EB400ED22AD /* Tests macOS */ = {
			isa = PBXGroup;
			children = (
				2857502624C21EB400ED22AD /* Tests_macOS.swift */,
				2857502824C21EB400ED22AD /* Info.plist */,
			);
			path = "Tests macOS";
			sourceTree = "<group>";
		};
		AB28D6CE269F51AD00679D5E /* Helpers */ = {
			isa = PBXGroup;
			children = (
				AB28D6D7269F58B500679D5E /* URLImage */,
			);
			path = Helpers;
			sourceTree = "<group>";
		};
		AB28D6D7269F58B500679D5E /* URLImage */ = {
			isa = PBXGroup;
			children = (
				AB28D6D8269F58C500679D5E /* URLImageView.swift */,
				AB28D6DA269F58D600679D5E /* URLImageModel.swift */,
				AB28D6DC269F58E300679D5E /* ImageCache.swift */,
			);
			path = URLImage;
			sourceTree = "<group>";
		};
		AB89C57F26961E7E002E7B28 /* Twitter */ = {
			isa = PBXGroup;
			children = (
				AB89C58026961E8E002E7B28 /* TwitterNavBarItem.swift */,
				AB89C58826961E9E002E7B28 /* TwitterView.swift */,
			);
			path = Twitter;
			sourceTree = "<group>";
		};
		AB9F87CF26826AA700CCBFC3 /* Resources */ = {
			isa = PBXGroup;
			children = (
				AB9F87D226826AD100CCBFC3 /* postsData.json */,
			);
			path = Resources;
			sourceTree = "<group>";
		};
		AB9F87DD26826C1100CCBFC3 /* Model */ = {
			isa = PBXGroup;
			children = (
				AB9F87DE26826C2000CCBFC3 /* ModelData.swift */,
				AB9F87E626826C4D00CCBFC3 /* Post.swift */,
				AB9F87EB26826CB500CCBFC3 /* User.swift */,
			);
			path = Model;
			sourceTree = "<group>";
		};
		AB9F87F026826D9800CCBFC3 /* Views */ = {
			isa = PBXGroup;
			children = (
				AB89C57F26961E7E002E7B28 /* Twitter */,
				AB9F8805268282D200CCBFC3 /* Instagram */,
				AB9F8804268282CC00CCBFC3 /* Youtube */,
				AB9F87F126826D9F00CCBFC3 /* Posts */,
			);
			path = Views;
			sourceTree = "<group>";
		};
		AB9F87F126826D9F00CCBFC3 /* Posts */ = {
			isa = PBXGroup;
			children = (
				AB9F87F226826DB000CCBFC3 /* PostsList.swift */,
				AB9F87F726826E4C00CCBFC3 /* PostRow.swift */,
				AB89C57A26961DC8002E7B28 /* PostDetail.swift */,
			);
			path = Posts;
			sourceTree = "<group>";
		};
		AB9F8804268282CC00CCBFC3 /* Youtube */ = {
			isa = PBXGroup;
			children = (
				AB9F8806268282FA00CCBFC3 /* YoutubeNavBarItem.swift */,
				AB89C56E26961A0B002E7B28 /* YoutubeView.swift */,
			);
			path = Youtube;
			sourceTree = "<group>";
		};
		AB9F8805268282D200CCBFC3 /* Instagram */ = {
			isa = PBXGroup;
			children = (
				AB9F880E2682837E00CCBFC3 /* InstagramNavBarItem.swift */,
				AB89C57526961A3E002E7B28 /* InstagramView.swift */,
			);
			path = Instagram;
			sourceTree = "<group>";
		};
		E1F58C3824D083C500A3E642 /* Products */ = {
			isa = PBXGroup;
			children = (
				E1F58C3D24D083C500A3E642 /* PagerTabStrip.framework */,
				E1F58C3F24D083C500A3E642 /* PagerTabStripTests.xctest */,
			);
			name = Products;
			sourceTree = "<group>";
		};
		E1F58C4124D0848100A3E642 /* Frameworks */ = {
			isa = PBXGroup;
			children = (
			);
			name = Frameworks;
			sourceTree = "<group>";
		};
/* End PBXGroup section */

/* Begin PBXNativeTarget section */
		2857500624C21EB400ED22AD /* Example (iOS) */ = {
			isa = PBXNativeTarget;
			buildConfigurationList = 2857503124C21EB400ED22AD /* Build configuration list for PBXNativeTarget "Example (iOS)" */;
			buildPhases = (
				2857500324C21EB400ED22AD /* Sources */,
				2857500424C21EB400ED22AD /* Frameworks */,
				2857500524C21EB400ED22AD /* Resources */,
				E1F58C4624D0848100A3E642 /* Embed Frameworks */,
			);
			buildRules = (
			);
			dependencies = (
			);
			name = "Example (iOS)";
			productName = "Example (iOS)";
			productReference = 2857500724C21EB400ED22AD /* Example.app */;
			productType = "com.apple.product-type.application";
		};
		2857500E24C21EB400ED22AD /* Example (macOS) */ = {
			isa = PBXNativeTarget;
			buildConfigurationList = 2857503424C21EB400ED22AD /* Build configuration list for PBXNativeTarget "Example (macOS)" */;
			buildPhases = (
				2857500B24C21EB400ED22AD /* Sources */,
				2857500C24C21EB400ED22AD /* Frameworks */,
				2857500D24C21EB400ED22AD /* Resources */,
			);
			buildRules = (
			);
			dependencies = (
			);
			name = "Example (macOS)";
			productName = "Example (macOS)";
			productReference = 2857500F24C21EB400ED22AD /* Example.app */;
			productType = "com.apple.product-type.application";
		};
		2857501624C21EB400ED22AD /* Tests iOS */ = {
			isa = PBXNativeTarget;
			buildConfigurationList = 2857503724C21EB400ED22AD /* Build configuration list for PBXNativeTarget "Tests iOS" */;
			buildPhases = (
				2857501324C21EB400ED22AD /* Sources */,
				2857501424C21EB400ED22AD /* Frameworks */,
				2857501524C21EB400ED22AD /* Resources */,
			);
			buildRules = (
			);
			dependencies = (
				2857501924C21EB400ED22AD /* PBXTargetDependency */,
			);
			name = "Tests iOS";
			productName = "Tests iOS";
			productReference = 2857501724C21EB400ED22AD /* Tests iOS.xctest */;
			productType = "com.apple.product-type.bundle.ui-testing";
		};
		2857502124C21EB400ED22AD /* Tests macOS */ = {
			isa = PBXNativeTarget;
			buildConfigurationList = 2857503A24C21EB400ED22AD /* Build configuration list for PBXNativeTarget "Tests macOS" */;
			buildPhases = (
				2857501E24C21EB400ED22AD /* Sources */,
				2857501F24C21EB400ED22AD /* Frameworks */,
				2857502024C21EB400ED22AD /* Resources */,
			);
			buildRules = (
			);
			dependencies = (
				2857502424C21EB400ED22AD /* PBXTargetDependency */,
			);
			name = "Tests macOS";
			productName = "Tests macOS";
			productReference = 2857502224C21EB400ED22AD /* Tests macOS.xctest */;
			productType = "com.apple.product-type.bundle.ui-testing";
		};
/* End PBXNativeTarget section */

/* Begin PBXProject section */
		28574FFB24C21EB200ED22AD /* Project object */ = {
			isa = PBXProject;
			attributes = {
				LastSwiftUpdateCheck = 1200;
				LastUpgradeCheck = 1200;
				TargetAttributes = {
					2857500624C21EB400ED22AD = {
						CreatedOnToolsVersion = 12.0;
					};
					2857500E24C21EB400ED22AD = {
						CreatedOnToolsVersion = 12.0;
					};
					2857501624C21EB400ED22AD = {
						CreatedOnToolsVersion = 12.0;
						TestTargetID = 2857500624C21EB400ED22AD;
					};
					2857502124C21EB400ED22AD = {
						CreatedOnToolsVersion = 12.0;
						TestTargetID = 2857500E24C21EB400ED22AD;
					};
				};
			};
			buildConfigurationList = 28574FFE24C21EB200ED22AD /* Build configuration list for PBXProject "Example" */;
			compatibilityVersion = "Xcode 9.3";
			developmentRegion = en;
			hasScannedForEncodings = 0;
			knownRegions = (
				en,
				Base,
			);
			mainGroup = 28574FFA24C21EB200ED22AD;
			productRefGroup = 2857500824C21EB400ED22AD /* Products */;
			projectDirPath = "";
			projectReferences = (
				{
					ProductGroup = E1F58C3824D083C500A3E642 /* Products */;
					ProjectRef = E1F58C3724D083C500A3E642 /* PagerTabStrip.xcodeproj */;
				},
			);
			projectRoot = "";
			targets = (
				2857500624C21EB400ED22AD /* Example (iOS) */,
				2857500E24C21EB400ED22AD /* Example (macOS) */,
				2857501624C21EB400ED22AD /* Tests iOS */,
				2857502124C21EB400ED22AD /* Tests macOS */,
			);
		};
/* End PBXProject section */

/* Begin PBXReferenceProxy section */
		E1F58C3D24D083C500A3E642 /* PagerTabStrip.framework */ = {
			isa = PBXReferenceProxy;
			fileType = wrapper.framework;
			path = PagerTabStrip.framework;
			remoteRef = E1F58C3C24D083C500A3E642 /* PBXContainerItemProxy */;
			sourceTree = BUILT_PRODUCTS_DIR;
		};
		E1F58C3F24D083C500A3E642 /* PagerTabStripTests.xctest */ = {
			isa = PBXReferenceProxy;
			fileType = wrapper.cfbundle;
			path = PagerTabStripTests.xctest;
			remoteRef = E1F58C3E24D083C500A3E642 /* PBXContainerItemProxy */;
			sourceTree = BUILT_PRODUCTS_DIR;
		};
/* End PBXReferenceProxy section */

/* Begin PBXResourcesBuildPhase section */
		2857500524C21EB400ED22AD /* Resources */ = {
			isa = PBXResourcesBuildPhase;
			buildActionMask = 2147483647;
			files = (
				2857502D24C21EB400ED22AD /* Assets.xcassets in Resources */,
				AB9F87D326826AD100CCBFC3 /* postsData.json in Resources */,
			);
			runOnlyForDeploymentPostprocessing = 0;
		};
		2857500D24C21EB400ED22AD /* Resources */ = {
			isa = PBXResourcesBuildPhase;
			buildActionMask = 2147483647;
			files = (
				2857502E24C21EB400ED22AD /* Assets.xcassets in Resources */,
			);
			runOnlyForDeploymentPostprocessing = 0;
		};
		2857501524C21EB400ED22AD /* Resources */ = {
			isa = PBXResourcesBuildPhase;
			buildActionMask = 2147483647;
			files = (
			);
			runOnlyForDeploymentPostprocessing = 0;
		};
		2857502024C21EB400ED22AD /* Resources */ = {
			isa = PBXResourcesBuildPhase;
			buildActionMask = 2147483647;
			files = (
			);
			runOnlyForDeploymentPostprocessing = 0;
		};
/* End PBXResourcesBuildPhase section */

/* Begin PBXSourcesBuildPhase section */
		2857500324C21EB400ED22AD /* Sources */ = {
			isa = PBXSourcesBuildPhase;
			buildActionMask = 2147483647;
			files = (
				2857502B24C21EB400ED22AD /* ContentView.swift in Sources */,
				AB9F880F2682837E00CCBFC3 /* InstagramNavBarItem.swift in Sources */,
				AB28D6D9269F58C500679D5E /* URLImageView.swift in Sources */,
				AB9F87F826826E4C00CCBFC3 /* PostRow.swift in Sources */,
				AB9F87F326826DB000CCBFC3 /* PostsList.swift in Sources */,
				AB89C57B26961DC8002E7B28 /* PostDetail.swift in Sources */,
				2857502924C21EB400ED22AD /* ExampleApp.swift in Sources */,
				AB89C58926961E9E002E7B28 /* TwitterView.swift in Sources */,
				AB28D6DD269F58E300679D5E /* ImageCache.swift in Sources */,
				AB9F8807268282FA00CCBFC3 /* YoutubeNavBarItem.swift in Sources */,
				AB89C56F26961A0B002E7B28 /* YoutubeView.swift in Sources */,
				AB28D6DB269F58D600679D5E /* URLImageModel.swift in Sources */,
				AB89C57626961A3E002E7B28 /* InstagramView.swift in Sources */,
				AB9F87DF26826C2000CCBFC3 /* ModelData.swift in Sources */,
				AB9F87EC26826CB500CCBFC3 /* User.swift in Sources */,
				AB9F87E726826C4D00CCBFC3 /* Post.swift in Sources */,
				AB89C58126961E8E002E7B28 /* TwitterNavBarItem.swift in Sources */,
			);
			runOnlyForDeploymentPostprocessing = 0;
		};
		2857500B24C21EB400ED22AD /* Sources */ = {
			isa = PBXSourcesBuildPhase;
			buildActionMask = 2147483647;
			files = (
				2857502C24C21EB400ED22AD /* ContentView.swift in Sources */,
				2857502A24C21EB400ED22AD /* ExampleApp.swift in Sources */,
			);
			runOnlyForDeploymentPostprocessing = 0;
		};
		2857501324C21EB400ED22AD /* Sources */ = {
			isa = PBXSourcesBuildPhase;
			buildActionMask = 2147483647;
			files = (
				2857501C24C21EB400ED22AD /* Tests_iOS.swift in Sources */,
			);
			runOnlyForDeploymentPostprocessing = 0;
		};
		2857501E24C21EB400ED22AD /* Sources */ = {
			isa = PBXSourcesBuildPhase;
			buildActionMask = 2147483647;
			files = (
				2857502724C21EB400ED22AD /* Tests_macOS.swift in Sources */,
			);
			runOnlyForDeploymentPostprocessing = 0;
		};
/* End PBXSourcesBuildPhase section */

/* Begin PBXTargetDependency section */
		2857501924C21EB400ED22AD /* PBXTargetDependency */ = {
			isa = PBXTargetDependency;
			target = 2857500624C21EB400ED22AD /* Example (iOS) */;
			targetProxy = 2857501824C21EB400ED22AD /* PBXContainerItemProxy */;
		};
		2857502424C21EB400ED22AD /* PBXTargetDependency */ = {
			isa = PBXTargetDependency;
			target = 2857500E24C21EB400ED22AD /* Example (macOS) */;
			targetProxy = 2857502324C21EB400ED22AD /* PBXContainerItemProxy */;
		};
/* End PBXTargetDependency section */

/* Begin XCBuildConfiguration section */
		2857502F24C21EB400ED22AD /* Debug */ = {
			isa = XCBuildConfiguration;
			buildSettings = {
				ALWAYS_SEARCH_USER_PATHS = NO;
				CLANG_ANALYZER_NONNULL = YES;
				CLANG_ANALYZER_NUMBER_OBJECT_CONVERSION = YES_AGGRESSIVE;
				CLANG_CXX_LANGUAGE_STANDARD = "gnu++14";
				CLANG_CXX_LIBRARY = "libc++";
				CLANG_ENABLE_MODULES = YES;
				CLANG_ENABLE_OBJC_ARC = YES;
				CLANG_ENABLE_OBJC_WEAK = YES;
				CLANG_WARN_BLOCK_CAPTURE_AUTORELEASING = YES;
				CLANG_WARN_BOOL_CONVERSION = YES;
				CLANG_WARN_COMMA = YES;
				CLANG_WARN_CONSTANT_CONVERSION = YES;
				CLANG_WARN_DEPRECATED_OBJC_IMPLEMENTATIONS = YES;
				CLANG_WARN_DIRECT_OBJC_ISA_USAGE = YES_ERROR;
				CLANG_WARN_DOCUMENTATION_COMMENTS = YES;
				CLANG_WARN_EMPTY_BODY = YES;
				CLANG_WARN_ENUM_CONVERSION = YES;
				CLANG_WARN_INFINITE_RECURSION = YES;
				CLANG_WARN_INT_CONVERSION = YES;
				CLANG_WARN_NON_LITERAL_NULL_CONVERSION = YES;
				CLANG_WARN_OBJC_IMPLICIT_RETAIN_SELF = YES;
				CLANG_WARN_OBJC_LITERAL_CONVERSION = YES;
				CLANG_WARN_OBJC_ROOT_CLASS = YES_ERROR;
				CLANG_WARN_QUOTED_INCLUDE_IN_FRAMEWORK_HEADER = YES;
				CLANG_WARN_RANGE_LOOP_ANALYSIS = YES;
				CLANG_WARN_STRICT_PROTOTYPES = YES;
				CLANG_WARN_SUSPICIOUS_MOVE = YES;
				CLANG_WARN_UNGUARDED_AVAILABILITY = YES_AGGRESSIVE;
				CLANG_WARN_UNREACHABLE_CODE = YES;
				CLANG_WARN__DUPLICATE_METHOD_MATCH = YES;
				COPY_PHASE_STRIP = NO;
				DEBUG_INFORMATION_FORMAT = dwarf;
				ENABLE_STRICT_OBJC_MSGSEND = YES;
				ENABLE_TESTABILITY = YES;
				GCC_C_LANGUAGE_STANDARD = gnu11;
				GCC_DYNAMIC_NO_PIC = NO;
				GCC_NO_COMMON_BLOCKS = YES;
				GCC_OPTIMIZATION_LEVEL = 0;
				GCC_PREPROCESSOR_DEFINITIONS = (
					"DEBUG=1",
					"$(inherited)",
				);
				GCC_WARN_64_TO_32_BIT_CONVERSION = YES;
				GCC_WARN_ABOUT_RETURN_TYPE = YES_ERROR;
				GCC_WARN_UNDECLARED_SELECTOR = YES;
				GCC_WARN_UNINITIALIZED_AUTOS = YES_AGGRESSIVE;
				GCC_WARN_UNUSED_FUNCTION = YES;
				GCC_WARN_UNUSED_VARIABLE = YES;
				MTL_ENABLE_DEBUG_INFO = INCLUDE_SOURCE;
				MTL_FAST_MATH = YES;
				ONLY_ACTIVE_ARCH = YES;
				SWIFT_ACTIVE_COMPILATION_CONDITIONS = DEBUG;
				SWIFT_OPTIMIZATION_LEVEL = "-Onone";
			};
			name = Debug;
		};
		2857503024C21EB400ED22AD /* Release */ = {
			isa = XCBuildConfiguration;
			buildSettings = {
				ALWAYS_SEARCH_USER_PATHS = NO;
				CLANG_ANALYZER_NONNULL = YES;
				CLANG_ANALYZER_NUMBER_OBJECT_CONVERSION = YES_AGGRESSIVE;
				CLANG_CXX_LANGUAGE_STANDARD = "gnu++14";
				CLANG_CXX_LIBRARY = "libc++";
				CLANG_ENABLE_MODULES = YES;
				CLANG_ENABLE_OBJC_ARC = YES;
				CLANG_ENABLE_OBJC_WEAK = YES;
				CLANG_WARN_BLOCK_CAPTURE_AUTORELEASING = YES;
				CLANG_WARN_BOOL_CONVERSION = YES;
				CLANG_WARN_COMMA = YES;
				CLANG_WARN_CONSTANT_CONVERSION = YES;
				CLANG_WARN_DEPRECATED_OBJC_IMPLEMENTATIONS = YES;
				CLANG_WARN_DIRECT_OBJC_ISA_USAGE = YES_ERROR;
				CLANG_WARN_DOCUMENTATION_COMMENTS = YES;
				CLANG_WARN_EMPTY_BODY = YES;
				CLANG_WARN_ENUM_CONVERSION = YES;
				CLANG_WARN_INFINITE_RECURSION = YES;
				CLANG_WARN_INT_CONVERSION = YES;
				CLANG_WARN_NON_LITERAL_NULL_CONVERSION = YES;
				CLANG_WARN_OBJC_IMPLICIT_RETAIN_SELF = YES;
				CLANG_WARN_OBJC_LITERAL_CONVERSION = YES;
				CLANG_WARN_OBJC_ROOT_CLASS = YES_ERROR;
				CLANG_WARN_QUOTED_INCLUDE_IN_FRAMEWORK_HEADER = YES;
				CLANG_WARN_RANGE_LOOP_ANALYSIS = YES;
				CLANG_WARN_STRICT_PROTOTYPES = YES;
				CLANG_WARN_SUSPICIOUS_MOVE = YES;
				CLANG_WARN_UNGUARDED_AVAILABILITY = YES_AGGRESSIVE;
				CLANG_WARN_UNREACHABLE_CODE = YES;
				CLANG_WARN__DUPLICATE_METHOD_MATCH = YES;
				COPY_PHASE_STRIP = NO;
				DEBUG_INFORMATION_FORMAT = "dwarf-with-dsym";
				ENABLE_NS_ASSERTIONS = NO;
				ENABLE_STRICT_OBJC_MSGSEND = YES;
				GCC_C_LANGUAGE_STANDARD = gnu11;
				GCC_NO_COMMON_BLOCKS = YES;
				GCC_WARN_64_TO_32_BIT_CONVERSION = YES;
				GCC_WARN_ABOUT_RETURN_TYPE = YES_ERROR;
				GCC_WARN_UNDECLARED_SELECTOR = YES;
				GCC_WARN_UNINITIALIZED_AUTOS = YES_AGGRESSIVE;
				GCC_WARN_UNUSED_FUNCTION = YES;
				GCC_WARN_UNUSED_VARIABLE = YES;
				MTL_ENABLE_DEBUG_INFO = NO;
				MTL_FAST_MATH = YES;
				SWIFT_COMPILATION_MODE = wholemodule;
				SWIFT_OPTIMIZATION_LEVEL = "-O";
			};
			name = Release;
		};
		2857503224C21EB400ED22AD /* Debug */ = {
			isa = XCBuildConfiguration;
			buildSettings = {
				ASSETCATALOG_COMPILER_APPICON_NAME = AppIcon;
				ASSETCATALOG_COMPILER_GLOBAL_ACCENT_COLOR_NAME = AccentColor;
				CODE_SIGN_STYLE = Automatic;
				DEVELOPMENT_TEAM = 6F2G55XL63;
				ENABLE_PREVIEWS = YES;
				INFOPLIST_FILE = iOS/Info.plist;
				IPHONEOS_DEPLOYMENT_TARGET = 14.0;
				LD_RUNPATH_SEARCH_PATHS = (
					"$(inherited)",
					"@executable_path/Frameworks",
				);
				PRODUCT_BUNDLE_IDENTIFIER = com.xmartlabs.Example;
				PRODUCT_NAME = Example;
				SDKROOT = iphoneos;
				SWIFT_VERSION = 5.0;
				TARGETED_DEVICE_FAMILY = "1,2";
			};
			name = Debug;
		};
		2857503324C21EB400ED22AD /* Release */ = {
			isa = XCBuildConfiguration;
			buildSettings = {
				ASSETCATALOG_COMPILER_APPICON_NAME = AppIcon;
				ASSETCATALOG_COMPILER_GLOBAL_ACCENT_COLOR_NAME = AccentColor;
				CODE_SIGN_STYLE = Automatic;
				DEVELOPMENT_TEAM = 6F2G55XL63;
				ENABLE_PREVIEWS = YES;
				INFOPLIST_FILE = iOS/Info.plist;
				IPHONEOS_DEPLOYMENT_TARGET = 14.0;
				LD_RUNPATH_SEARCH_PATHS = (
					"$(inherited)",
					"@executable_path/Frameworks",
				);
				PRODUCT_BUNDLE_IDENTIFIER = com.xmartlabs.Example;
				PRODUCT_NAME = Example;
				SDKROOT = iphoneos;
				SWIFT_VERSION = 5.0;
				TARGETED_DEVICE_FAMILY = "1,2";
				VALIDATE_PRODUCT = YES;
			};
			name = Release;
		};
		2857503524C21EB400ED22AD /* Debug */ = {
			isa = XCBuildConfiguration;
			buildSettings = {
				ASSETCATALOG_COMPILER_APPICON_NAME = AppIcon;
				ASSETCATALOG_COMPILER_GLOBAL_ACCENT_COLOR_NAME = AccentColor;
				CODE_SIGN_ENTITLEMENTS = macOS/macOS.entitlements;
				CODE_SIGN_STYLE = Automatic;
				COMBINE_HIDPI_IMAGES = YES;
				ENABLE_PREVIEWS = YES;
				INFOPLIST_FILE = macOS/Info.plist;
				LD_RUNPATH_SEARCH_PATHS = (
					"$(inherited)",
					"@executable_path/../Frameworks",
				);
				MACOSX_DEPLOYMENT_TARGET = 10.16;
				PRODUCT_BUNDLE_IDENTIFIER = com.xmartlabs.Example;
				PRODUCT_NAME = Example;
				SDKROOT = macosx;
				SWIFT_VERSION = 5.0;
			};
			name = Debug;
		};
		2857503624C21EB400ED22AD /* Release */ = {
			isa = XCBuildConfiguration;
			buildSettings = {
				ASSETCATALOG_COMPILER_APPICON_NAME = AppIcon;
				ASSETCATALOG_COMPILER_GLOBAL_ACCENT_COLOR_NAME = AccentColor;
				CODE_SIGN_ENTITLEMENTS = macOS/macOS.entitlements;
				CODE_SIGN_STYLE = Automatic;
				COMBINE_HIDPI_IMAGES = YES;
				ENABLE_PREVIEWS = YES;
				INFOPLIST_FILE = macOS/Info.plist;
				LD_RUNPATH_SEARCH_PATHS = (
					"$(inherited)",
					"@executable_path/../Frameworks",
				);
				MACOSX_DEPLOYMENT_TARGET = 10.16;
				PRODUCT_BUNDLE_IDENTIFIER = com.xmartlabs.Example;
				PRODUCT_NAME = Example;
				SDKROOT = macosx;
				SWIFT_VERSION = 5.0;
			};
			name = Release;
		};
		2857503824C21EB400ED22AD /* Debug */ = {
			isa = XCBuildConfiguration;
			buildSettings = {
				ALWAYS_EMBED_SWIFT_STANDARD_LIBRARIES = YES;
				CODE_SIGN_STYLE = Automatic;
				INFOPLIST_FILE = "Tests iOS/Info.plist";
				IPHONEOS_DEPLOYMENT_TARGET = 14.0;
				LD_RUNPATH_SEARCH_PATHS = (
					"$(inherited)",
					"@executable_path/Frameworks",
					"@loader_path/Frameworks",
				);
				PRODUCT_BUNDLE_IDENTIFIER = "com.xmartlabs.Tests-iOS";
				PRODUCT_NAME = "$(TARGET_NAME)";
				SDKROOT = iphoneos;
				SWIFT_VERSION = 5.0;
				TARGETED_DEVICE_FAMILY = "1,2";
				TEST_TARGET_NAME = "Example (iOS)";
			};
			name = Debug;
		};
		2857503924C21EB400ED22AD /* Release */ = {
			isa = XCBuildConfiguration;
			buildSettings = {
				ALWAYS_EMBED_SWIFT_STANDARD_LIBRARIES = YES;
				CODE_SIGN_STYLE = Automatic;
				INFOPLIST_FILE = "Tests iOS/Info.plist";
				IPHONEOS_DEPLOYMENT_TARGET = 14.0;
				LD_RUNPATH_SEARCH_PATHS = (
					"$(inherited)",
					"@executable_path/Frameworks",
					"@loader_path/Frameworks",
				);
				PRODUCT_BUNDLE_IDENTIFIER = "com.xmartlabs.Tests-iOS";
				PRODUCT_NAME = "$(TARGET_NAME)";
				SDKROOT = iphoneos;
				SWIFT_VERSION = 5.0;
				TARGETED_DEVICE_FAMILY = "1,2";
				TEST_TARGET_NAME = "Example (iOS)";
				VALIDATE_PRODUCT = YES;
			};
			name = Release;
		};
		2857503B24C21EB400ED22AD /* Debug */ = {
			isa = XCBuildConfiguration;
			buildSettings = {
				ALWAYS_EMBED_SWIFT_STANDARD_LIBRARIES = YES;
				CODE_SIGN_STYLE = Automatic;
				COMBINE_HIDPI_IMAGES = YES;
				INFOPLIST_FILE = "Tests macOS/Info.plist";
				LD_RUNPATH_SEARCH_PATHS = (
					"$(inherited)",
					"@executable_path/../Frameworks",
					"@loader_path/../Frameworks",
				);
				MACOSX_DEPLOYMENT_TARGET = 10.15;
				PRODUCT_BUNDLE_IDENTIFIER = "com.xmartlabs.Tests-macOS";
				PRODUCT_NAME = "$(TARGET_NAME)";
				SDKROOT = macosx;
				SWIFT_VERSION = 5.0;
				TEST_TARGET_NAME = "Example (macOS)";
			};
			name = Debug;
		};
		2857503C24C21EB400ED22AD /* Release */ = {
			isa = XCBuildConfiguration;
			buildSettings = {
				ALWAYS_EMBED_SWIFT_STANDARD_LIBRARIES = YES;
				CODE_SIGN_STYLE = Automatic;
				COMBINE_HIDPI_IMAGES = YES;
				INFOPLIST_FILE = "Tests macOS/Info.plist";
				LD_RUNPATH_SEARCH_PATHS = (
					"$(inherited)",
					"@executable_path/../Frameworks",
					"@loader_path/../Frameworks",
				);
				MACOSX_DEPLOYMENT_TARGET = 10.15;
				PRODUCT_BUNDLE_IDENTIFIER = "com.xmartlabs.Tests-macOS";
				PRODUCT_NAME = "$(TARGET_NAME)";
				SDKROOT = macosx;
				SWIFT_VERSION = 5.0;
				TEST_TARGET_NAME = "Example (macOS)";
			};
			name = Release;
		};
/* End XCBuildConfiguration section */

/* Begin XCConfigurationList section */
		28574FFE24C21EB200ED22AD /* Build configuration list for PBXProject "Example" */ = {
			isa = XCConfigurationList;
			buildConfigurations = (
				2857502F24C21EB400ED22AD /* Debug */,
				2857503024C21EB400ED22AD /* Release */,
			);
			defaultConfigurationIsVisible = 0;
			defaultConfigurationName = Release;
		};
		2857503124C21EB400ED22AD /* Build configuration list for PBXNativeTarget "Example (iOS)" */ = {
			isa = XCConfigurationList;
			buildConfigurations = (
				2857503224C21EB400ED22AD /* Debug */,
				2857503324C21EB400ED22AD /* Release */,
			);
			defaultConfigurationIsVisible = 0;
			defaultConfigurationName = Release;
		};
		2857503424C21EB400ED22AD /* Build configuration list for PBXNativeTarget "Example (macOS)" */ = {
			isa = XCConfigurationList;
			buildConfigurations = (
				2857503524C21EB400ED22AD /* Debug */,
				2857503624C21EB400ED22AD /* Release */,
			);
			defaultConfigurationIsVisible = 0;
			defaultConfigurationName = Release;
		};
		2857503724C21EB400ED22AD /* Build configuration list for PBXNativeTarget "Tests iOS" */ = {
			isa = XCConfigurationList;
			buildConfigurations = (
				2857503824C21EB400ED22AD /* Debug */,
				2857503924C21EB400ED22AD /* Release */,
			);
			defaultConfigurationIsVisible = 0;
			defaultConfigurationName = Release;
		};
		2857503A24C21EB400ED22AD /* Build configuration list for PBXNativeTarget "Tests macOS" */ = {
			isa = XCConfigurationList;
			buildConfigurations = (
				2857503B24C21EB400ED22AD /* Debug */,
				2857503C24C21EB400ED22AD /* Release */,
			);
			defaultConfigurationIsVisible = 0;
			defaultConfigurationName = Release;
		};
/* End XCConfigurationList section */
	};
	rootObject = 28574FFB24C21EB200ED22AD /* Project object */;
}
