// !$*UTF8*$!
{
	archiveVersion = 1;
	classes = {
	};
	objectVersion = 46;
	objects = {

/* Begin PBXBuildFile section */
		28070C6026B1AF52002346E1 /* PagerStyle.swift in Sources */ = {isa = PBXBuildFile; fileRef = 28070C5F26B1AF52002346E1 /* PagerStyle.swift */; };
		285A6894291EE43E009810C8 /* Collection+Extensions.swift in Sources */ = {isa = PBXBuildFile; fileRef = 285A6893291EE43E009810C8 /* Collection+Extensions.swift */; };
		287D0A6E1C4B73BD004566D6 /* PagerTabStripTests.swift in Sources */ = {isa = PBXBuildFile; fileRef = 287D0A6D1C4B73BD004566D6 /* PagerTabStripTests.swift */; };
		28F828881C494B2C00330CF4 /* PagerTabStripView.framework in Frameworks */ = {isa = PBXBuildFile; fileRef = 28F8287D1C494B2C00330CF4 /* PagerTabStripView.framework */; };
		AB80DE8426BC93720022F57D /* PagerTabStripView.h in Headers */ = {isa = PBXBuildFile; fileRef = AB80DE8226BC93720022F57D /* PagerTabStripView.h */; settings = {ATTRIBUTES = (Private, ); }; };
		C7A02C01269377D400BFE31B /* DataStore.swift in Sources */ = {isa = PBXBuildFile; fileRef = C7A02C00269377D400BFE31B /* DataStore.swift */; };
		E04615E326C4510F0050A5D3 /* SegmentedNavBarView.swift in Sources */ = {isa = PBXBuildFile; fileRef = E04615E226C4510F0050A5D3 /* SegmentedNavBarView.swift */; };
		E04615E526C453AD0050A5D3 /* FixedSizeNavBarView.swift in Sources */ = {isa = PBXBuildFile; fileRef = E04615E426C453AD0050A5D3 /* FixedSizeNavBarView.swift */; };
		E04615E726C453E10050A5D3 /* IndicatorBarView.swift in Sources */ = {isa = PBXBuildFile; fileRef = E04615E626C453E10050A5D3 /* IndicatorBarView.swift */; };
		E07034FB26D3D834002E854B /* ScrollableNavBarView.swift in Sources */ = {isa = PBXBuildFile; fileRef = E07034FA26D3D834002E854B /* ScrollableNavBarView.swift */; };
		E07FB07C26AF373600CDCFD8 /* View+Modifiers.swift in Sources */ = {isa = PBXBuildFile; fileRef = E07FB07B26AF373600CDCFD8 /* View+Modifiers.swift */; };
		E07FB07E26AF377D00CDCFD8 /* PagerTabItemModifier.swift in Sources */ = {isa = PBXBuildFile; fileRef = E07FB07D26AF377D00CDCFD8 /* PagerTabItemModifier.swift */; };
		E07FB08026AF39C300CDCFD8 /* NavBarItem.swift in Sources */ = {isa = PBXBuildFile; fileRef = E07FB07F26AF39C300CDCFD8 /* NavBarItem.swift */; };
		E07FB08526AF3CAA00CDCFD8 /* NavBarModifier.swift in Sources */ = {isa = PBXBuildFile; fileRef = E07FB08426AF3CAA00CDCFD8 /* NavBarModifier.swift */; };
		E1FA589924C8BC1B0081FBE7 /* PagerTabStripView.swift in Sources */ = {isa = PBXBuildFile; fileRef = E1FA589824C8BC1B0081FBE7 /* PagerTabStripView.swift */; };
/* End PBXBuildFile section */

/* Begin PBXContainerItemProxy section */
		28F828891C494B2C00330CF4 /* PBXContainerItemProxy */ = {
			isa = PBXContainerItemProxy;
			containerPortal = 28F828741C494B2C00330CF4 /* Project object */;
			proxyType = 1;
			remoteGlobalIDString = 28F8287C1C494B2C00330CF4;
			remoteInfo = PagerTabStrip;
		};
/* End PBXContainerItemProxy section */

/* Begin PBXFileReference section */
		28070C5F26B1AF52002346E1 /* PagerStyle.swift */ = {isa = PBXFileReference; lastKnownFileType = sourcecode.swift; path = PagerStyle.swift; sourceTree = "<group>"; };
		285A6893291EE43E009810C8 /* Collection+Extensions.swift */ = {isa = PBXFileReference; lastKnownFileType = sourcecode.swift; path = "Collection+Extensions.swift"; sourceTree = "<group>"; };
		287D0A6D1C4B73BD004566D6 /* PagerTabStripTests.swift */ = {isa = PBXFileReference; fileEncoding = 4; lastKnownFileType = sourcecode.swift; name = PagerTabStripTests.swift; path = Tests/PagerTabStripTests.swift; sourceTree = SOURCE_ROOT; };
		28F8287D1C494B2C00330CF4 /* PagerTabStripView.framework */ = {isa = PBXFileReference; explicitFileType = wrapper.framework; includeInIndex = 0; path = PagerTabStripView.framework; sourceTree = BUILT_PRODUCTS_DIR; };
		28F828871C494B2C00330CF4 /* PagerTabStripViewTests.xctest */ = {isa = PBXFileReference; explicitFileType = wrapper.cfbundle; includeInIndex = 0; path = PagerTabStripViewTests.xctest; sourceTree = BUILT_PRODUCTS_DIR; };
		28F8288E1C494B2C00330CF4 /* Info.plist */ = {isa = PBXFileReference; lastKnownFileType = text.plist.xml; path = Info.plist; sourceTree = "<group>"; };
		AB80DE8226BC93720022F57D /* PagerTabStripView.h */ = {isa = PBXFileReference; fileEncoding = 4; lastKnownFileType = sourcecode.c.h; path = PagerTabStripView.h; sourceTree = "<group>"; };
		AB80DE8326BC93720022F57D /* Info.plist */ = {isa = PBXFileReference; fileEncoding = 4; lastKnownFileType = text.plist.xml; path = Info.plist; sourceTree = "<group>"; };
		C7A02C00269377D400BFE31B /* DataStore.swift */ = {isa = PBXFileReference; lastKnownFileType = sourcecode.swift; path = DataStore.swift; sourceTree = "<group>"; };
		E04615E226C4510F0050A5D3 /* SegmentedNavBarView.swift */ = {isa = PBXFileReference; lastKnownFileType = sourcecode.swift; path = SegmentedNavBarView.swift; sourceTree = "<group>"; };
		E04615E426C453AD0050A5D3 /* FixedSizeNavBarView.swift */ = {isa = PBXFileReference; lastKnownFileType = sourcecode.swift; path = FixedSizeNavBarView.swift; sourceTree = "<group>"; };
		E04615E626C453E10050A5D3 /* IndicatorBarView.swift */ = {isa = PBXFileReference; lastKnownFileType = sourcecode.swift; path = IndicatorBarView.swift; sourceTree = "<group>"; };
		E07034FA26D3D834002E854B /* ScrollableNavBarView.swift */ = {isa = PBXFileReference; lastKnownFileType = sourcecode.swift; path = ScrollableNavBarView.swift; sourceTree = "<group>"; };
		E07FB07B26AF373600CDCFD8 /* View+Modifiers.swift */ = {isa = PBXFileReference; lastKnownFileType = sourcecode.swift; path = "View+Modifiers.swift"; sourceTree = "<group>"; };
		E07FB07D26AF377D00CDCFD8 /* PagerTabItemModifier.swift */ = {isa = PBXFileReference; lastKnownFileType = sourcecode.swift; path = PagerTabItemModifier.swift; sourceTree = "<group>"; };
		E07FB07F26AF39C300CDCFD8 /* NavBarItem.swift */ = {isa = PBXFileReference; lastKnownFileType = sourcecode.swift; path = NavBarItem.swift; sourceTree = "<group>"; };
		E07FB08426AF3CAA00CDCFD8 /* NavBarModifier.swift */ = {isa = PBXFileReference; lastKnownFileType = sourcecode.swift; path = NavBarModifier.swift; sourceTree = "<group>"; };
		E1FA589824C8BC1B0081FBE7 /* PagerTabStripView.swift */ = {isa = PBXFileReference; lastKnownFileType = sourcecode.swift; path = PagerTabStripView.swift; sourceTree = "<group>"; };
/* End PBXFileReference section */

/* Begin PBXFrameworksBuildPhase section */
		28F828791C494B2C00330CF4 /* Frameworks */ = {
			isa = PBXFrameworksBuildPhase;
			buildActionMask = 2147483647;
			files = (
			);
			runOnlyForDeploymentPostprocessing = 0;
		};
		28F828841C494B2C00330CF4 /* Frameworks */ = {
			isa = PBXFrameworksBuildPhase;
			buildActionMask = 2147483647;
			files = (
				28F828881C494B2C00330CF4 /* PagerTabStripView.framework in Frameworks */,
			);
			runOnlyForDeploymentPostprocessing = 0;
		};
/* End PBXFrameworksBuildPhase section */

/* Begin PBXGroup section */
		285A6892291EE40E009810C8 /* Extensions */ = {
			isa = PBXGroup;
			children = (
				285A6893291EE43E009810C8 /* Collection+Extensions.swift */,
			);
			name = Extensions;
			sourceTree = "<group>";
		};
		28C0AE00290865C7005F32C1 /* Style */ = {
			isa = PBXGroup;
			children = (
				28070C5F26B1AF52002346E1 /* PagerStyle.swift */,
			);
			name = Style;
			sourceTree = "<group>";
		};
		28F828731C494B2C00330CF4 = {
			isa = PBXGroup;
			children = (
				28F828971C494B4200330CF4 /* Sources */,
				AB80DE8126BC93720022F57D /* PagerTabStripView */,
				28F8288B1C494B2C00330CF4 /* Tests */,
				28F8287E1C494B2C00330CF4 /* Products */,
			);
			sourceTree = "<group>";
		};
		28F8287E1C494B2C00330CF4 /* Products */ = {
			isa = PBXGroup;
			children = (
				28F8287D1C494B2C00330CF4 /* PagerTabStripView.framework */,
				28F828871C494B2C00330CF4 /* PagerTabStripViewTests.xctest */,
			);
			name = Products;
			sourceTree = "<group>";
		};
		28F8288B1C494B2C00330CF4 /* Tests */ = {
			isa = PBXGroup;
			children = (
				28F8288E1C494B2C00330CF4 /* Info.plist */,
				287D0A6D1C4B73BD004566D6 /* PagerTabStripTests.swift */,
			);
			path = Tests;
			sourceTree = "<group>";
		};
		28F828971C494B4200330CF4 /* Sources */ = {
			isa = PBXGroup;
			children = (
				285A6892291EE40E009810C8 /* Extensions */,
				28FFEDB528F632290064C71A /* Data */,
				28FFEDB428F6320C0064C71A /* Modifiers */,
				E04615E126C450FE0050A5D3 /* NavigationBarStyles */,
				28C0AE00290865C7005F32C1 /* Style */,
				E1FA589824C8BC1B0081FBE7 /* PagerTabStripView.swift */,
				E07FB07F26AF39C300CDCFD8 /* NavBarItem.swift */,
			);
			path = Sources;
			sourceTree = "<group>";
		};
		28FFEDB428F6320C0064C71A /* Modifiers */ = {
			isa = PBXGroup;
			children = (
				E07FB07B26AF373600CDCFD8 /* View+Modifiers.swift */,
				E07FB07D26AF377D00CDCFD8 /* PagerTabItemModifier.swift */,
				E07FB08426AF3CAA00CDCFD8 /* NavBarModifier.swift */,
			);
			name = Modifiers;
			sourceTree = "<group>";
		};
		28FFEDB528F632290064C71A /* Data */ = {
			isa = PBXGroup;
			children = (
				C7A02C00269377D400BFE31B /* DataStore.swift */,
			);
			name = Data;
			sourceTree = "<group>";
		};
		AB80DE8126BC93720022F57D /* PagerTabStripView */ = {
			isa = PBXGroup;
			children = (
				AB80DE8226BC93720022F57D /* PagerTabStripView.h */,
				AB80DE8326BC93720022F57D /* Info.plist */,
			);
			path = PagerTabStripView;
			sourceTree = "<group>";
		};
		E04615E126C450FE0050A5D3 /* NavigationBarStyles */ = {
			isa = PBXGroup;
			children = (
				E04615E226C4510F0050A5D3 /* SegmentedNavBarView.swift */,
				E04615E626C453E10050A5D3 /* IndicatorBarView.swift */,
				E04615E426C453AD0050A5D3 /* FixedSizeNavBarView.swift */,
				E07034FA26D3D834002E854B /* ScrollableNavBarView.swift */,
			);
			path = NavigationBarStyles;
			sourceTree = "<group>";
		};
/* End PBXGroup section */

/* Begin PBXHeadersBuildPhase section */
		28F8287A1C494B2C00330CF4 /* Headers */ = {
			isa = PBXHeadersBuildPhase;
			buildActionMask = 2147483647;
			files = (
				AB80DE8426BC93720022F57D /* PagerTabStripView.h in Headers */,
			);
			runOnlyForDeploymentPostprocessing = 0;
		};
/* End PBXHeadersBuildPhase section */

/* Begin PBXNativeTarget section */
		28F8287C1C494B2C00330CF4 /* PagerTabStripView */ = {
			isa = PBXNativeTarget;
			buildConfigurationList = 28F828911C494B2C00330CF4 /* Build configuration list for PBXNativeTarget "PagerTabStripView" */;
			buildPhases = (
				28F828781C494B2C00330CF4 /* Sources */,
				28F828791C494B2C00330CF4 /* Frameworks */,
				28F8287A1C494B2C00330CF4 /* Headers */,
				28F8287B1C494B2C00330CF4 /* Resources */,
				E0D3BECF275684D400B41EAC /* SwiftLint */,
			);
			buildRules = (
			);
			dependencies = (
			);
			name = PagerTabStripView;
			productName = PagerTabStrip;
			productReference = 28F8287D1C494B2C00330CF4 /* PagerTabStripView.framework */;
			productType = "com.apple.product-type.framework";
		};
		28F828861C494B2C00330CF4 /* PagerTabStripViewTests */ = {
			isa = PBXNativeTarget;
			buildConfigurationList = 28F828941C494B2C00330CF4 /* Build configuration list for PBXNativeTarget "PagerTabStripViewTests" */;
			buildPhases = (
				28F828831C494B2C00330CF4 /* Sources */,
				28F828841C494B2C00330CF4 /* Frameworks */,
				28F828851C494B2C00330CF4 /* Resources */,
			);
			buildRules = (
			);
			dependencies = (
				28F8288A1C494B2C00330CF4 /* PBXTargetDependency */,
			);
			name = PagerTabStripViewTests;
			productName = PagerTabStripTests;
			productReference = 28F828871C494B2C00330CF4 /* PagerTabStripViewTests.xctest */;
			productType = "com.apple.product-type.bundle.unit-test";
		};
/* End PBXNativeTarget section */

/* Begin PBXProject section */
		28F828741C494B2C00330CF4 /* Project object */ = {
			isa = PBXProject;
			attributes = {
				LastSwiftUpdateCheck = 0720;
				LastUpgradeCheck = 1400;
				TargetAttributes = {
					28F8287C1C494B2C00330CF4 = {
						CreatedOnToolsVersion = 7.2;
						DevelopmentTeam = 6F2G55XL63;
						LastSwiftMigration = 1150;
					};
					28F828861C494B2C00330CF4 = {
						CreatedOnToolsVersion = 7.2;
						LastSwiftMigration = 1150;
					};
				};
			};
			buildConfigurationList = 28F828771C494B2C00330CF4 /* Build configuration list for PBXProject "PagerTabStripView" */;
			compatibilityVersion = "Xcode 3.2";
			developmentRegion = en;
			hasScannedForEncodings = 0;
			knownRegions = (
				en,
				Base,
			);
			mainGroup = 28F828731C494B2C00330CF4;
			productRefGroup = 28F8287E1C494B2C00330CF4 /* Products */;
			projectDirPath = "";
			projectRoot = "";
			targets = (
				28F8287C1C494B2C00330CF4 /* PagerTabStripView */,
				28F828861C494B2C00330CF4 /* PagerTabStripViewTests */,
			);
		};
/* End PBXProject section */

/* Begin PBXResourcesBuildPhase section */
		28F8287B1C494B2C00330CF4 /* Resources */ = {
			isa = PBXResourcesBuildPhase;
			buildActionMask = 2147483647;
			files = (
			);
			runOnlyForDeploymentPostprocessing = 0;
		};
		28F828851C494B2C00330CF4 /* Resources */ = {
			isa = PBXResourcesBuildPhase;
			buildActionMask = 2147483647;
			files = (
			);
			runOnlyForDeploymentPostprocessing = 0;
		};
/* End PBXResourcesBuildPhase section */

/* Begin PBXShellScriptBuildPhase section */
		E0D3BECF275684D400B41EAC /* SwiftLint */ = {
			isa = PBXShellScriptBuildPhase;
			buildActionMask = 2147483647;
			files = (
			);
			inputFileListPaths = (
			);
			inputPaths = (
			);
			name = SwiftLint;
			outputFileListPaths = (
			);
			outputPaths = (
			);
			runOnlyForDeploymentPostprocessing = 0;
			shellPath = /bin/sh;
			shellScript = "if which swiftlint >/dev/null; then\n  swiftlint\nelse\n  echo \"warning: SwiftLint not installed, download from https://github.com/realm/SwiftLint\"\nfi\n";
		};
/* End PBXShellScriptBuildPhase section */

/* Begin PBXSourcesBuildPhase section */
		28F828781C494B2C00330CF4 /* Sources */ = {
			isa = PBXSourcesBuildPhase;
			buildActionMask = 2147483647;
			files = (
				E07034FB26D3D834002E854B /* ScrollableNavBarView.swift in Sources */,
				E07FB07C26AF373600CDCFD8 /* View+Modifiers.swift in Sources */,
				285A6894291EE43E009810C8 /* Collection+Extensions.swift in Sources */,
				E07FB07E26AF377D00CDCFD8 /* PagerTabItemModifier.swift in Sources */,
				E1FA589924C8BC1B0081FBE7 /* PagerTabStripView.swift in Sources */,
				E04615E526C453AD0050A5D3 /* FixedSizeNavBarView.swift in Sources */,
				C7A02C01269377D400BFE31B /* DataStore.swift in Sources */,
				E04615E726C453E10050A5D3 /* IndicatorBarView.swift in Sources */,
				E04615E326C4510F0050A5D3 /* SegmentedNavBarView.swift in Sources */,
				E07FB08526AF3CAA00CDCFD8 /* NavBarModifier.swift in Sources */,
				28070C6026B1AF52002346E1 /* PagerStyle.swift in Sources */,
				E07FB08026AF39C300CDCFD8 /* NavBarItem.swift in Sources */,
			);
			runOnlyForDeploymentPostprocessing = 0;
		};
		28F828831C494B2C00330CF4 /* Sources */ = {
			isa = PBXSourcesBuildPhase;
			buildActionMask = 2147483647;
			files = (
				287D0A6E1C4B73BD004566D6 /* PagerTabStripTests.swift in Sources */,
			);
			runOnlyForDeploymentPostprocessing = 0;
		};
/* End PBXSourcesBuildPhase section */

/* Begin PBXTargetDependency section */
		28F8288A1C494B2C00330CF4 /* PBXTargetDependency */ = {
			isa = PBXTargetDependency;
			target = 28F8287C1C494B2C00330CF4 /* PagerTabStripView */;
			targetProxy = 28F828891C494B2C00330CF4 /* PBXContainerItemProxy */;
		};
/* End PBXTargetDependency section */

/* Begin XCBuildConfiguration section */
		28F8288F1C494B2C00330CF4 /* Debug */ = {
			isa = XCBuildConfiguration;
			buildSettings = {
				ALWAYS_SEARCH_USER_PATHS = NO;
				CLANG_ANALYZER_LOCALIZABILITY_NONLOCALIZED = YES;
				CLANG_CXX_LANGUAGE_STANDARD = "gnu++0x";
				CLANG_CXX_LIBRARY = "libc++";
				CLANG_ENABLE_MODULES = YES;
				CLANG_ENABLE_OBJC_ARC = YES;
				CLANG_WARN_BLOCK_CAPTURE_AUTORELEASING = YES;
				CLANG_WARN_BOOL_CONVERSION = YES;
				CLANG_WARN_COMMA = YES;
				CLANG_WARN_CONSTANT_CONVERSION = YES;
				CLANG_WARN_DEPRECATED_OBJC_IMPLEMENTATIONS = YES;
				CLANG_WARN_DIRECT_OBJC_ISA_USAGE = YES_ERROR;
				CLANG_WARN_EMPTY_BODY = YES;
				CLANG_WARN_ENUM_CONVERSION = YES;
				CLANG_WARN_INFINITE_RECURSION = YES;
				CLANG_WARN_INT_CONVERSION = YES;
				CLANG_WARN_NON_LITERAL_NULL_CONVERSION = YES;
				CLANG_WARN_OBJC_IMPLICIT_RETAIN_SELF = YES;
				CLANG_WARN_OBJC_LITERAL_CONVERSION = YES;
				CLANG_WARN_OBJC_ROOT_CLASS = YES_ERROR;
				CLANG_WARN_QUOTED_INCLUDE_IN_FRAMEWORK_HEADER = YES;
				CLANG_WARN_RANGE_LOOP_ANALYSIS = YES;
				CLANG_WARN_STRICT_PROTOTYPES = YES;
				CLANG_WARN_SUSPICIOUS_MOVE = YES;
				CLANG_WARN_UNREACHABLE_CODE = YES;
				CLANG_WARN__DUPLICATE_METHOD_MATCH = YES;
				"CODE_SIGN_IDENTITY[sdk=iphoneos*]" = "iPhone Developer";
				COPY_PHASE_STRIP = NO;
				CURRENT_PROJECT_VERSION = 1;
				DEBUG_INFORMATION_FORMAT = dwarf;
				ENABLE_STRICT_OBJC_MSGSEND = YES;
				ENABLE_TESTABILITY = YES;
				GCC_C_LANGUAGE_STANDARD = gnu99;
				GCC_DYNAMIC_NO_PIC = NO;
				GCC_NO_COMMON_BLOCKS = YES;
				GCC_OPTIMIZATION_LEVEL = 0;
				GCC_PREPROCESSOR_DEFINITIONS = (
					"DEBUG=1",
					"$(inherited)",
				);
				GCC_WARN_64_TO_32_BIT_CONVERSION = YES;
				GCC_WARN_ABOUT_RETURN_TYPE = YES_ERROR;
				GCC_WARN_UNDECLARED_SELECTOR = YES;
				GCC_WARN_UNINITIALIZED_AUTOS = YES_AGGRESSIVE;
				GCC_WARN_UNUSED_FUNCTION = YES;
				GCC_WARN_UNUSED_VARIABLE = YES;
				IPHONEOS_DEPLOYMENT_TARGET = 16.0;
				MTL_ENABLE_DEBUG_INFO = YES;
				ONLY_ACTIVE_ARCH = YES;
				SDKROOT = iphoneos;
				SWIFT_OPTIMIZATION_LEVEL = "-Onone";
				SWIFT_VERSION = 5.0;
				TARGETED_DEVICE_FAMILY = "1,2";
				VERSIONING_SYSTEM = "apple-generic";
				VERSION_INFO_PREFIX = "";
			};
			name = Debug;
		};
		28F828901C494B2C00330CF4 /* Release */ = {
			isa = XCBuildConfiguration;
			buildSettings = {
				ALWAYS_SEARCH_USER_PATHS = NO;
				CLANG_ANALYZER_LOCALIZABILITY_NONLOCALIZED = YES;
				CLANG_CXX_LANGUAGE_STANDARD = "gnu++0x";
				CLANG_CXX_LIBRARY = "libc++";
				CLANG_ENABLE_MODULES = YES;
				CLANG_ENABLE_OBJC_ARC = YES;
				CLANG_WARN_BLOCK_CAPTURE_AUTORELEASING = YES;
				CLANG_WARN_BOOL_CONVERSION = YES;
				CLANG_WARN_COMMA = YES;
				CLANG_WARN_CONSTANT_CONVERSION = YES;
				CLANG_WARN_DEPRECATED_OBJC_IMPLEMENTATIONS = YES;
				CLANG_WARN_DIRECT_OBJC_ISA_USAGE = YES_ERROR;
				CLANG_WARN_EMPTY_BODY = YES;
				CLANG_WARN_ENUM_CONVERSION = YES;
				CLANG_WARN_INFINITE_RECURSION = YES;
				CLANG_WARN_INT_CONVERSION = YES;
				CLANG_WARN_NON_LITERAL_NULL_CONVERSION = YES;
				CLANG_WARN_OBJC_IMPLICIT_RETAIN_SELF = YES;
				CLANG_WARN_OBJC_LITERAL_CONVERSION = YES;
				CLANG_WARN_OBJC_ROOT_CLASS = YES_ERROR;
				CLANG_WARN_QUOTED_INCLUDE_IN_FRAMEWORK_HEADER = YES;
				CLANG_WARN_RANGE_LOOP_ANALYSIS = YES;
				CLANG_WARN_STRICT_PROTOTYPES = YES;
				CLANG_WARN_SUSPICIOUS_MOVE = YES;
				CLANG_WARN_UNREACHABLE_CODE = YES;
				CLANG_WARN__DUPLICATE_METHOD_MATCH = YES;
				"CODE_SIGN_IDENTITY[sdk=iphoneos*]" = "iPhone Developer";
				COPY_PHASE_STRIP = NO;
				CURRENT_PROJECT_VERSION = 1;
				DEBUG_INFORMATION_FORMAT = "dwarf-with-dsym";
				ENABLE_NS_ASSERTIONS = NO;
				ENABLE_STRICT_OBJC_MSGSEND = YES;
				GCC_C_LANGUAGE_STANDARD = gnu99;
				GCC_NO_COMMON_BLOCKS = YES;
				GCC_WARN_64_TO_32_BIT_CONVERSION = YES;
				GCC_WARN_ABOUT_RETURN_TYPE = YES_ERROR;
				GCC_WARN_UNDECLARED_SELECTOR = YES;
				GCC_WARN_UNINITIALIZED_AUTOS = YES_AGGRESSIVE;
				GCC_WARN_UNUSED_FUNCTION = YES;
				GCC_WARN_UNUSED_VARIABLE = YES;
				IPHONEOS_DEPLOYMENT_TARGET = 16.0;
				MTL_ENABLE_DEBUG_INFO = NO;
				SDKROOT = iphoneos;
				SWIFT_OPTIMIZATION_LEVEL = "-Owholemodule";
				SWIFT_VERSION = 5.0;
				TARGETED_DEVICE_FAMILY = "1,2";
				VALIDATE_PRODUCT = YES;
				VERSIONING_SYSTEM = "apple-generic";
				VERSION_INFO_PREFIX = "";
			};
			name = Release;
		};
		28F828921C494B2C00330CF4 /* Debug */ = {
			isa = XCBuildConfiguration;
			buildSettings = {
				CODE_SIGN_IDENTITY = "";
				DEFINES_MODULE = YES;
				DEVELOPMENT_TEAM = 6F2G55XL63;
				DYLIB_COMPATIBILITY_VERSION = 1;
				DYLIB_CURRENT_VERSION = 1;
				DYLIB_INSTALL_NAME_BASE = "@rpath";
				INFOPLIST_FILE = "$(SRCROOT)/PagerTabStripView/Info.plist";
				INSTALL_PATH = "$(LOCAL_LIBRARY_DIR)/Frameworks";
				IPHONEOS_DEPLOYMENT_TARGET = 16.0;
				LD_RUNPATH_SEARCH_PATHS = "$(inherited) @executable_path/Frameworks @loader_path/Frameworks";
				MARKETING_VERSION = 4.0.0;
				PRODUCT_BUNDLE_IDENTIFIER = com.xmartlabs.PagerTabStripView.PagerTabStripView;
				PRODUCT_NAME = "$(TARGET_NAME)";
				SKIP_INSTALL = YES;
				SUPPORTS_MACCATALYST = NO;
				SWIFT_VERSION = 5.0;
				TARGETED_DEVICE_FAMILY = "1,2";
			};
			name = Debug;
		};
		28F828931C494B2C00330CF4 /* Release */ = {
			isa = XCBuildConfiguration;
			buildSettings = {
				CODE_SIGN_IDENTITY = "";
				DEFINES_MODULE = YES;
				DEVELOPMENT_TEAM = 6F2G55XL63;
				DYLIB_COMPATIBILITY_VERSION = 1;
				DYLIB_CURRENT_VERSION = 1;
				DYLIB_INSTALL_NAME_BASE = "@rpath";
				INFOPLIST_FILE = "$(SRCROOT)/PagerTabStripView/Info.plist";
				INSTALL_PATH = "$(LOCAL_LIBRARY_DIR)/Frameworks";
				IPHONEOS_DEPLOYMENT_TARGET = 16.0;
				LD_RUNPATH_SEARCH_PATHS = "$(inherited) @executable_path/Frameworks @loader_path/Frameworks";
				MARKETING_VERSION = 4.0.0;
				PRODUCT_BUNDLE_IDENTIFIER = com.xmartlabs.PagerTabStripView.PagerTabStripView;
				PRODUCT_NAME = "$(TARGET_NAME)";
				SKIP_INSTALL = YES;
				SUPPORTS_MACCATALYST = NO;
				SWIFT_VERSION = 5.0;
				TARGETED_DEVICE_FAMILY = "1,2";
			};
			name = Release;
		};
		28F828951C494B2C00330CF4 /* Debug */ = {
			isa = XCBuildConfiguration;
			buildSettings = {
				CLANG_ENABLE_MODULES = YES;
				INFOPLIST_FILE = Tests/Info.plist;
				LD_RUNPATH_SEARCH_PATHS = "$(inherited) @executable_path/Frameworks @loader_path/Frameworks";
				PRODUCT_BUNDLE_IDENTIFIER = com.xmartlabs.PagerTabStripView.PagerTabStripViewTests;
				PRODUCT_NAME = "$(TARGET_NAME)";
				SWIFT_OPTIMIZATION_LEVEL = "-Onone";
				SWIFT_VERSION = 5.0;
			};
			name = Debug;
		};
		28F828961C494B2C00330CF4 /* Release */ = {
			isa = XCBuildConfiguration;
			buildSettings = {
				CLANG_ENABLE_MODULES = YES;
				INFOPLIST_FILE = Tests/Info.plist;
				LD_RUNPATH_SEARCH_PATHS = "$(inherited) @executable_path/Frameworks @loader_path/Frameworks";
				PRODUCT_BUNDLE_IDENTIFIER = com.xmartlabs.PagerTabStripView.PagerTabStripViewTests;
				PRODUCT_NAME = "$(TARGET_NAME)";
				SWIFT_VERSION = 5.0;
			};
			name = Release;
		};
/* End XCBuildConfiguration section */

/* Begin XCConfigurationList section */
		28F828771C494B2C00330CF4 /* Build configuration list for PBXProject "PagerTabStripView" */ = {
			isa = XCConfigurationList;
			buildConfigurations = (
				28F8288F1C494B2C00330CF4 /* Debug */,
				28F828901C494B2C00330CF4 /* Release */,
			);
			defaultConfigurationIsVisible = 0;
			defaultConfigurationName = Release;
		};
		28F828911C494B2C00330CF4 /* Build configuration list for PBXNativeTarget "PagerTabStripView" */ = {
			isa = XCConfigurationList;
			buildConfigurations = (
				28F828921C494B2C00330CF4 /* Debug */,
				28F828931C494B2C00330CF4 /* Release */,
			);
			defaultConfigurationIsVisible = 0;
			defaultConfigurationName = Release;
		};
		28F828941C494B2C00330CF4 /* Build configuration list for PBXNativeTarget "PagerTabStripViewTests" */ = {
			isa = XCConfigurationList;
			buildConfigurations = (
				28F828951C494B2C00330CF4 /* Debug */,
				28F828961C494B2C00330CF4 /* Release */,
			);
			defaultConfigurationIsVisible = 0;
			defaultConfigurationName = Release;
		};
/* End XCConfigurationList section */
	};
	rootObject = 28F828741C494B2C00330CF4 /* Project object */;
}
